
Microsoft Visual Studio Solution File, Format Version 12.00
# Visual Studio 2012
Project("{FAE04EC0-301F-11D3-BF4B-00C04F79EFBC}") = "Operations1", "Operations1\Operations1.csproj", "{CDF7C4C0-9997-4EBE-866D-705DF9366198}"
EndProject
Global
	GlobalSection(SolutionConfigurationPlatforms) = preSolution
		Debug|Any CPU = Debug|Any CPU
		Release|Any CPU = Release|Any CPU
	EndGlobalSection
	GlobalSection(ProjectConfigurationPlatforms) = postSolution
		{CDF7C4C0-9997-4EBE-866D-705DF9366198}.Debug|Any CPU.ActiveCfg = Debug|Any CPU
		{CDF7C4C0-9997-4EBE-866D-705DF9366198}.Debug|Any CPU.Build.0 = Debug|Any CPU
		{CDF7C4C0-9997-4EBE-866D-705DF9366198}.Release|Any CPU.ActiveCfg = Release|Any CPU
		{CDF7C4C0-9997-4EBE-866D-705DF9366198}.Release|Any CPU.Build.0 = Release|Any CPU
	EndGlobalSection
	GlobalSection(SolutionProperties) = preSolution
		HideSolutionNode = FALSE
	EndGlobalSection
EndGlobal
