
Microsoft Visual Studio Solution File, Format Version 12.00
# Visual Studio 2012
Project("{FAE04EC0-301F-11D3-BF4B-00C04F79EFBC}") = "Lab 3", "Lab 3\Lab 3.csproj", "{2DAF9E32-8341-427D-AD53-D1FF3AE43FC6}"
EndProject
Global
	GlobalSection(SolutionConfigurationPlatforms) = preSolution
		Debug|Any CPU = Debug|Any CPU
		Release|Any CPU = Release|Any CPU
	EndGlobalSection
	GlobalSection(ProjectConfigurationPlatforms) = postSolution
		{2DAF9E32-8341-427D-AD53-D1FF3AE43FC6}.Debug|Any CPU.ActiveCfg = Debug|Any CPU
		{2DAF9E32-8341-427D-AD53-D1FF3AE43FC6}.Debug|Any CPU.Build.0 = Debug|Any CPU
		{2DAF9E32-8341-427D-AD53-D1FF3AE43FC6}.Release|Any CPU.ActiveCfg = Release|Any CPU
		{2DAF9E32-8341-427D-AD53-D1FF3AE43FC6}.Release|Any CPU.Build.0 = Release|Any CPU
	EndGlobalSection
	GlobalSection(SolutionProperties) = preSolution
		HideSolutionNode = FALSE
	EndGlobalSection
EndGlobal
