
Microsoft Visual Studio Solution File, Format Version 12.00
# Visual Studio 2012
Project("{FAE04EC0-301F-11D3-BF4B-00C04F79EFBC}") = "Pattern2", "Pattern2\Pattern2.csproj", "{84936964-1999-4384-B0F0-A1C9C7ADFA2F}"
EndProject
Global
	GlobalSection(SolutionConfigurationPlatforms) = preSolution
		Debug|Any CPU = Debug|Any CPU
		Release|Any CPU = Release|Any CPU
	EndGlobalSection
	GlobalSection(ProjectConfigurationPlatforms) = postSolution
		{84936964-1999-4384-B0F0-A1C9C7ADFA2F}.Debug|Any CPU.ActiveCfg = Debug|Any CPU
		{84936964-1999-4384-B0F0-A1C9C7ADFA2F}.Debug|Any CPU.Build.0 = Debug|Any CPU
		{84936964-1999-4384-B0F0-A1C9C7ADFA2F}.Release|Any CPU.ActiveCfg = Release|Any CPU
		{84936964-1999-4384-B0F0-A1C9C7ADFA2F}.Release|Any CPU.Build.0 = Release|Any CPU
	EndGlobalSection
	GlobalSection(SolutionProperties) = preSolution
		HideSolutionNode = FALSE
	EndGlobalSection
EndGlobal
