
Microsoft Visual Studio Solution File, Format Version 12.00
# Visual Studio 2012
Project("{FAE04EC0-301F-11D3-BF4B-00C04F79EFBC}") = "EvenNumbers", "EvenNumbers\EvenNumbers.csproj", "{49ED7557-4A58-4021-8E93-236302652ACF}"
EndProject
Global
	GlobalSection(SolutionConfigurationPlatforms) = preSolution
		Debug|Any CPU = Debug|Any CPU
		Release|Any CPU = Release|Any CPU
	EndGlobalSection
	GlobalSection(ProjectConfigurationPlatforms) = postSolution
		{49ED7557-4A58-4021-8E93-236302652ACF}.Debug|Any CPU.ActiveCfg = Debug|Any CPU
		{49ED7557-4A58-4021-8E93-236302652ACF}.Debug|Any CPU.Build.0 = Debug|Any CPU
		{49ED7557-4A58-4021-8E93-236302652ACF}.Release|Any CPU.ActiveCfg = Release|Any CPU
		{49ED7557-4A58-4021-8E93-236302652ACF}.Release|Any CPU.Build.0 = Release|Any CPU
	EndGlobalSection
	GlobalSection(SolutionProperties) = preSolution
		HideSolutionNode = FALSE
	EndGlobalSection
EndGlobal
