
Microsoft Visual Studio Solution File, Format Version 12.00
# Visual Studio 2012
Project("{FAE04EC0-301F-11D3-BF4B-00C04F79EFBC}") = "Compare", "Compare\Compare.csproj", "{C26270F4-547F-436C-A940-F59AC9F9B05D}"
EndProject
Global
	GlobalSection(SolutionConfigurationPlatforms) = preSolution
		Debug|Any CPU = Debug|Any CPU
		Release|Any CPU = Release|Any CPU
	EndGlobalSection
	GlobalSection(ProjectConfigurationPlatforms) = postSolution
		{C26270F4-547F-436C-A940-F59AC9F9B05D}.Debug|Any CPU.ActiveCfg = Debug|Any CPU
		{C26270F4-547F-436C-A940-F59AC9F9B05D}.Debug|Any CPU.Build.0 = Debug|Any CPU
		{C26270F4-547F-436C-A940-F59AC9F9B05D}.Release|Any CPU.ActiveCfg = Release|Any CPU
		{C26270F4-547F-436C-A940-F59AC9F9B05D}.Release|Any CPU.Build.0 = Release|Any CPU
	EndGlobalSection
	GlobalSection(SolutionProperties) = preSolution
		HideSolutionNode = FALSE
	EndGlobalSection
EndGlobal
